
Microsoft Visual Studio Solution File, Format Version 12.00
# Visual Studio Version 16
VisualStudioVersion = 16.0.31105.61
MinimumVisualStudioVersion = 10.0.40219.1
Project("{FAE04EC0-301F-11D3-BF4B-00C04F79EFBC}") = "InstantFailTimer", "InstantFailTimer.csproj", "{631E71FD-84C6-488E-9707-2F01C523156C}"
EndProject
Global
	GlobalSection(SolutionConfigurationPlatforms) = preSolution
		Debug|Any CPU = Debug|Any CPU
		Release|Any CPU = Release|Any CPU
	EndGlobalSection
	GlobalSection(ProjectConfigurationPlatforms) = postSolution
		{631E71FD-84C6-488E-9707-2F01C523156C}.Debug|Any CPU.ActiveCfg = Debug|Any CPU
		{631E71FD-84C6-488E-9707-2F01C523156C}.Debug|Any CPU.Build.0 = Debug|Any CPU
		{631E71FD-84C6-488E-9707-2F01C523156C}.Release|Any CPU.ActiveCfg = Release|Any CPU
		{631E71FD-84C6-488E-9707-2F01C523156C}.Release|Any CPU.Build.0 = Release|Any CPU
	EndGlobalSection
	GlobalSection(SolutionProperties) = preSolution
		HideSolutionNode = FALSE
	EndGlobalSection
	GlobalSection(ExtensibilityGlobals) = postSolution
		SolutionGuid = {F06007A7-F3F1-4DFB-8448-65E6315BA0DC}
	EndGlobalSection
EndGlobal
